
Microsoft Visual Studio Solution File, Format Version 12.00
# Visual Studio Version 17
VisualStudioVersion = 17.14.36408.4 d17.14
MinimumVisualStudioVersion = 10.0.40219.1
Project("{FAE04EC0-301F-11D3-BF4B-00C04F79EFBC}") = "Linq-2", "Linq-2\Linq-2.csproj", "{84C4932B-F5BC-433E-9047-78C2725BF4D9}"
EndProject
Global
	GlobalSection(SolutionConfigurationPlatforms) = preSolution
		Debug|Any CPU = Debug|Any CPU
		Release|Any CPU = Release|Any CPU
	EndGlobalSection
	GlobalSection(ProjectConfigurationPlatforms) = postSolution
		{84C4932B-F5BC-433E-9047-78C2725BF4D9}.Debug|Any CPU.ActiveCfg = Debug|Any CPU
		{84C4932B-F5BC-433E-9047-78C2725BF4D9}.Debug|Any CPU.Build.0 = Debug|Any CPU
		{84C4932B-F5BC-433E-9047-78C2725BF4D9}.Release|Any CPU.ActiveCfg = Release|Any CPU
		{84C4932B-F5BC-433E-9047-78C2725BF4D9}.Release|Any CPU.Build.0 = Release|Any CPU
	EndGlobalSection
	GlobalSection(SolutionProperties) = preSolution
		HideSolutionNode = FALSE
	EndGlobalSection
	GlobalSection(ExtensibilityGlobals) = postSolution
		SolutionGuid = {4156F437-7402-4003-84F4-61ACD43D3E99}
	EndGlobalSection
EndGlobal
